
Microsoft Visual Studio Solution File, Format Version 12.00
# Visual Studio 2012
Project("{FAE04EC0-301F-11D3-BF4B-00C04F79EFBC}") = "Libs", "Libs\Libs.csproj", "{8832D48B-EDB1-4358-8E28-0E094EF1BF64}"
EndProject
Project("{FAE04EC0-301F-11D3-BF4B-00C04F79EFBC}") = "TestAccess", "TestAccess\TestAccess.csproj", "{D5018BEB-82B4-4D73-A236-6E7C898B7C1C}"
EndProject
Global
	GlobalSection(SolutionConfigurationPlatforms) = preSolution
		Debug|Any CPU = Debug|Any CPU
		Release|Any CPU = Release|Any CPU
	EndGlobalSection
	GlobalSection(ProjectConfigurationPlatforms) = postSolution
		{8832D48B-EDB1-4358-8E28-0E094EF1BF64}.Debug|Any CPU.ActiveCfg = Debug|Any CPU
		{8832D48B-EDB1-4358-8E28-0E094EF1BF64}.Debug|Any CPU.Build.0 = Debug|Any CPU
		{8832D48B-EDB1-4358-8E28-0E094EF1BF64}.Release|Any CPU.ActiveCfg = Release|Any CPU
		{8832D48B-EDB1-4358-8E28-0E094EF1BF64}.Release|Any CPU.Build.0 = Release|Any CPU
		{D5018BEB-82B4-4D73-A236-6E7C898B7C1C}.Debug|Any CPU.ActiveCfg = Debug|Any CPU
		{D5018BEB-82B4-4D73-A236-6E7C898B7C1C}.Debug|Any CPU.Build.0 = Debug|Any CPU
		{D5018BEB-82B4-4D73-A236-6E7C898B7C1C}.Release|Any CPU.ActiveCfg = Release|Any CPU
		{D5018BEB-82B4-4D73-A236-6E7C898B7C1C}.Release|Any CPU.Build.0 = Release|Any CPU
	EndGlobalSection
	GlobalSection(SolutionProperties) = preSolution
		HideSolutionNode = FALSE
	EndGlobalSection
EndGlobal
